
Microsoft Visual Studio Solution File, Format Version 12.00
# Visual Studio Version 17
VisualStudioVersion = 17.14.36915.13 d17.14
MinimumVisualStudioVersion = 10.0.40219.1
Project("{FAE04EC0-301F-11D3-BF4B-00C04F79EFBC}") = "DomainCopilot.Api", "DomainCopilot.Api\DomainCopilot.Api.csproj", "{67686D47-DB7F-4773-BA24-E8D741832DED}"
EndProject
Project("{FAE04EC0-301F-11D3-BF4B-00C04F79EFBC}") = "DomainCopilot.Domain", "DomainCopilot.Domain\DomainCopilot.Domain.csproj", "{45CDB6A7-8AFB-48FB-85E1-98901AE36926}"
EndProject
Project("{FAE04EC0-301F-11D3-BF4B-00C04F79EFBC}") = "DomainCopilot.Application", "DomainCopilot.Application\DomainCopilot.Application.csproj", "{EB34947A-FF43-4186-89BE-AEF01E5484EF}"
EndProject
Project("{FAE04EC0-301F-11D3-BF4B-00C04F79EFBC}") = "DomainCopilot.Infrastructure", "DomainCopilot.Infrastructure\DomainCopilot.Infrastructure.csproj", "{7C0ABA9D-C316-47EA-A0FA-D668A2B6CEC8}"
EndProject
Project("{FAE04EC0-301F-11D3-BF4B-00C04F79EFBC}") = "DomainCopilot.UnitTests", "DomainCopilot.UnitTests\DomainCopilot.UnitTests.csproj", "{034C3BD0-542A-434B-BA15-AA2F2C341E20}"
EndProject
Project("{FAE04EC0-301F-11D3-BF4B-00C04F79EFBC}") = "DomainCopilot.IntegrationTests", "DomainCopilot.IntegrationTests\DomainCopilot.IntegrationTests.csproj", "{C2160B25-4EA6-4207-9947-97F8326B097C}"
EndProject
Project("{FAE04EC0-301F-11D3-BF4B-00C04F79EFBC}") = "DomainCopilot.ContractTests", "DomainCopilot.ContractTests\DomainCopilot.ContractTests.csproj", "{4BB30C00-6D2F-4496-B70A-E0E9EF685A40}"
EndProject
Global
	GlobalSection(SolutionConfigurationPlatforms) = preSolution
		Debug|Any CPU = Debug|Any CPU
		Release|Any CPU = Release|Any CPU
	EndGlobalSection
	GlobalSection(ProjectConfigurationPlatforms) = postSolution
		{67686D47-DB7F-4773-BA24-E8D741832DED}.Debug|Any CPU.ActiveCfg = Debug|Any CPU
		{67686D47-DB7F-4773-BA24-E8D741832DED}.Debug|Any CPU.Build.0 = Debug|Any CPU
		{67686D47-DB7F-4773-BA24-E8D741832DED}.Release|Any CPU.ActiveCfg = Release|Any CPU
		{67686D47-DB7F-4773-BA24-E8D741832DED}.Release|Any CPU.Build.0 = Release|Any CPU
		{45CDB6A7-8AFB-48FB-85E1-98901AE36926}.Debug|Any CPU.ActiveCfg = Debug|Any CPU
		{45CDB6A7-8AFB-48FB-85E1-98901AE36926}.Debug|Any CPU.Build.0 = Debug|Any CPU
		{45CDB6A7-8AFB-48FB-85E1-98901AE36926}.Release|Any CPU.ActiveCfg = Release|Any CPU
		{45CDB6A7-8AFB-48FB-85E1-98901AE36926}.Release|Any CPU.Build.0 = Release|Any CPU
		{EB34947A-FF43-4186-89BE-AEF01E5484EF}.Debug|Any CPU.ActiveCfg = Debug|Any CPU
		{EB34947A-FF43-4186-89BE-AEF01E5484EF}.Debug|Any CPU.Build.0 = Debug|Any CPU
		{EB34947A-FF43-4186-89BE-AEF01E5484EF}.Release|Any CPU.ActiveCfg = Release|Any CPU
		{EB34947A-FF43-4186-89BE-AEF01E5484EF}.Release|Any CPU.Build.0 = Release|Any CPU
		{7C0ABA9D-C316-47EA-A0FA-D668A2B6CEC8}.Debug|Any CPU.ActiveCfg = Debug|Any CPU
		{7C0ABA9D-C316-47EA-A0FA-D668A2B6CEC8}.Debug|Any CPU.Build.0 = Debug|Any CPU
		{7C0ABA9D-C316-47EA-A0FA-D668A2B6CEC8}.Release|Any CPU.ActiveCfg = Release|Any CPU
		{7C0ABA9D-C316-47EA-A0FA-D668A2B6CEC8}.Release|Any CPU.Build.0 = Release|Any CPU
		{034C3BD0-542A-434B-BA15-AA2F2C341E20}.Debug|Any CPU.ActiveCfg = Debug|Any CPU
		{034C3BD0-542A-434B-BA15-AA2F2C341E20}.Debug|Any CPU.Build.0 = Debug|Any CPU
		{034C3BD0-542A-434B-BA15-AA2F2C341E20}.Release|Any CPU.ActiveCfg = Release|Any CPU
		{034C3BD0-542A-434B-BA15-AA2F2C341E20}.Release|Any CPU.Build.0 = Release|Any CPU
		{C2160B25-4EA6-4207-9947-97F8326B097C}.Debug|Any CPU.ActiveCfg = Debug|Any CPU
		{C2160B25-4EA6-4207-9947-97F8326B097C}.Debug|Any CPU.Build.0 = Debug|Any CPU
		{C2160B25-4EA6-4207-9947-97F8326B097C}.Release|Any CPU.ActiveCfg = Release|Any CPU
		{C2160B25-4EA6-4207-9947-97F8326B097C}.Release|Any CPU.Build.0 = Release|Any CPU
		{4BB30C00-6D2F-4496-B70A-E0E9EF685A40}.Debug|Any CPU.ActiveCfg = Debug|Any CPU
		{4BB30C00-6D2F-4496-B70A-E0E9EF685A40}.Debug|Any CPU.Build.0 = Debug|Any CPU
		{4BB30C00-6D2F-4496-B70A-E0E9EF685A40}.Release|Any CPU.ActiveCfg = Release|Any CPU
		{4BB30C00-6D2F-4496-B70A-E0E9EF685A40}.Release|Any CPU.Build.0 = Release|Any CPU
	EndGlobalSection
	GlobalSection(SolutionProperties) = preSolution
		HideSolutionNode = FALSE
	EndGlobalSection
	GlobalSection(ExtensibilityGlobals) = postSolution
		SolutionGuid = {7A8E189D-686B-4971-9C36-C8350BD263B0}
	EndGlobalSection
EndGlobal
